
Microsoft Visual Studio Solution File, Format Version 12.00
# Visual Studio 15
VisualStudioVersion = 15.0.27130.2010
MinimumVisualStudioVersion = 10.0.40219.1
Project("{FAE04EC0-301F-11D3-BF4B-00C04F79EFBC}") = "ClassLibrary1", "ClassLibrary1\ClassLibrary1.csproj", "{9D9442A1-0157-443B-9FBC-785612446877}"
EndProject
Global
	GlobalSection(SolutionConfigurationPlatforms) = preSolution
		Debug|Any CPU = Debug|Any CPU
		Release|Any CPU = Release|Any CPU
	EndGlobalSection
	GlobalSection(ProjectConfigurationPlatforms) = postSolution
		{9D9442A1-0157-443B-9FBC-785612446877}.Debug|Any CPU.ActiveCfg = Debug|Any CPU
		{9D9442A1-0157-443B-9FBC-785612446877}.Debug|Any CPU.Build.0 = Debug|Any CPU
		{9D9442A1-0157-443B-9FBC-785612446877}.Release|Any CPU.ActiveCfg = Release|Any CPU
		{9D9442A1-0157-443B-9FBC-785612446877}.Release|Any CPU.Build.0 = Release|Any CPU
	EndGlobalSection
	GlobalSection(SolutionProperties) = preSolution
		HideSolutionNode = FALSE
	EndGlobalSection
	GlobalSection(ExtensibilityGlobals) = postSolution
		SolutionGuid = {274B031B-6255-4F0C-B478-1F9980CBEEC1}
	EndGlobalSection
EndGlobal
