
Microsoft Visual Studio Solution File, Format Version 12.00
# Visual Studio 15
VisualStudioVersion = 15.0.27130.2010
MinimumVisualStudioVersion = 10.0.40219.1
Project("{9A19103F-16F7-4668-BE54-9A1E7A4F7556}") = "ConsulSharp", "ConsulSharp\ConsulSharp.csproj", "{4AA600F5-0295-4889-88B9-F9AF31B24C5D}"
EndProject
Project("{9A19103F-16F7-4668-BE54-9A1E7A4F7556}") = "ConsulSharpSample", "ConsulSharpSample\ConsulSharpSample.csproj", "{8261AD35-9611-43C6-BF5B-879FAC592BE7}"
EndProject
Global
	GlobalSection(SolutionConfigurationPlatforms) = preSolution
		Debug|Any CPU = Debug|Any CPU
		Release|Any CPU = Release|Any CPU
	EndGlobalSection
	GlobalSection(ProjectConfigurationPlatforms) = postSolution
		{4AA600F5-0295-4889-88B9-F9AF31B24C5D}.Debug|Any CPU.ActiveCfg = Debug|Any CPU
		{4AA600F5-0295-4889-88B9-F9AF31B24C5D}.Debug|Any CPU.Build.0 = Debug|Any CPU
		{4AA600F5-0295-4889-88B9-F9AF31B24C5D}.Release|Any CPU.ActiveCfg = Release|Any CPU
		{4AA600F5-0295-4889-88B9-F9AF31B24C5D}.Release|Any CPU.Build.0 = Release|Any CPU
		{8261AD35-9611-43C6-BF5B-879FAC592BE7}.Debug|Any CPU.ActiveCfg = Debug|Any CPU
		{8261AD35-9611-43C6-BF5B-879FAC592BE7}.Debug|Any CPU.Build.0 = Debug|Any CPU
		{8261AD35-9611-43C6-BF5B-879FAC592BE7}.Release|Any CPU.ActiveCfg = Release|Any CPU
		{8261AD35-9611-43C6-BF5B-879FAC592BE7}.Release|Any CPU.Build.0 = Release|Any CPU
	EndGlobalSection
	GlobalSection(SolutionProperties) = preSolution
		HideSolutionNode = FALSE
	EndGlobalSection
	GlobalSection(ExtensibilityGlobals) = postSolution
		SolutionGuid = {274B031B-6255-4F0C-B478-1F9980CBEEC1}
	EndGlobalSection
EndGlobal
